{
	"name": "istanbul-lib-hook",
	"version": "2.0.4",
	"lockfileVersion": 1,
	"requires": true,
	"dependencies": {
		"append-transform": {
			"version": "1.0.0",
			"resolved": "https://registry.npmjs.org/append-transform/-/append-transform-1.0.0.tgz",
			"integrity": "sha512-P009oYkeHyU742iSZJzZZywj4QRJdnTWffaKuJQLablCZ1uz6/cW4yaRgcDaoQ+uwOxxnt0gRUcwfsNP2ri0gw==",
			"requires": {
				"default-require-extensions": "^2.0.0"
			}
		},
		"default-require-extensions": {
			"version": "2.0.0",
			"resolved": "https://registry.npmjs.org/default-require-extensions/-/default-require-extensions-2.0.0.tgz",
			"integrity": "sha1-9fj7sYp9bVCyH2QfZJ67Uiz+JPc=",
			"requires": {
				"strip-bom": "^3.0.0"
			}
		},
		"strip-bom": {
			"version": "3.0.0",
			"resolved": "https://registry.npmjs.org/strip-bom/-/strip-bom-3.0.0.tgz",
			"integrity": "sha1-IzTBjpx1n3vdVv3vfprj1YjmjtM="
		}
	}
}
