{
	"name": "istanbul-lib-report",
	"version": "2.0.5",
	"lockfileVersion": 1,
	"requires": true,
	"dependencies": {
		"has-flag": {
			"version": "3.0.0",
			"resolved": "https://registry.npmjs.org/has-flag/-/has-flag-3.0.0.tgz",
			"integrity": "sha1-tdRU3CGZriJWmfNGfloH87lVuv0="
		},
		"make-dir": {
			"version": "2.1.0",
			"resolved": "https://registry.npmjs.org/make-dir/-/make-dir-2.1.0.tgz",
			"integrity": "sha512-LS9X+dc8KLxXCb8dni79fLIIUA5VyZoyjSMCwTluaXA0o27cCK0bhXkpgw+sTXVpPy/lSO57ilRixqk0vDmtRA==",
			"requires": {
				"pify": "^4.0.1",
				"semver": "^5.6.0"
			}
		},
		"pify": {
			"version": "4.0.1",
			"resolved": "https://registry.npmjs.org/pify/-/pify-4.0.1.tgz",
			"integrity": "sha512-uB80kBFb/tfd68bVleG9T5GGsGPjJrLAUpR5PZIrhBnIaRTQRjqdJSsIKkOP6OAIFbj7GOrcudc5pNjZ+geV2g=="
		},
		"semver": {
			"version": "5.6.0",
			"resolved": "https://registry.npmjs.org/semver/-/semver-5.6.0.tgz",
			"integrity": "sha512-RS9R6R35NYgQn++fkDWaOmqGoj4Ek9gGs+DPxNUZKuwE183xjJroKvyo1IzVFeXvUrvmALy6FWD5xrdJT25gMg=="
		},
		"supports-color": {
			"version": "6.1.0",
			"resolved": "https://registry.npmjs.org/supports-color/-/supports-color-6.1.0.tgz",
			"integrity": "sha512-qe1jfm1Mg7Nq/NSh6XE24gPXROEVsWHxC1LIx//XNlD9iw7YZQGjZNjYN7xGaEG6iKdA8EtNFW6R0gjnVXp+wQ==",
			"requires": {
				"has-flag": "^3.0.0"
			}
		}
	}
}
