{
	"name": "istanbul-reports",
	"version": "2.1.0",
	"lockfileVersion": 1,
	"requires": true,
	"dependencies": {
		"async": {
			"version": "2.6.2",
			"resolved": "https://registry.npmjs.org/async/-/async-2.6.2.tgz",
			"integrity": "sha512-H1qVYh1MYhEEFLsP97cVKqCGo7KfCyTt6uEWqsTBr9SO84oK9Uwbyd/yCW+6rKJLHksBNUVWZDAjfS+Ccx0Bbg==",
			"requires": {
				"lodash": "^4.17.11"
			}
		},
		"commander": {
			"version": "2.17.1",
			"resolved": "https://registry.npmjs.org/commander/-/commander-2.17.1.tgz",
			"integrity": "sha512-wPMUt6FnH2yzG95SA6mzjQOEKUU3aLaDEmzs1ti+1E9h+CsrZghRlqEM/EJ4KscsQVG8uNN4uVreUeT8+drlgg==",
			"optional": true
		},
		"handlebars": {
			"version": "4.1.0",
			"resolved": "https://registry.npmjs.org/handlebars/-/handlebars-4.1.0.tgz",
			"integrity": "sha512-l2jRuU1NAWK6AW5qqcTATWQJvNPEwkM7NEKSiv/gqOsoSQbVoWyqVEY5GS+XPQ88zLNmqASRpzfdm8d79hJS+w==",
			"requires": {
				"async": "^2.5.0",
				"optimist": "^0.6.1",
				"source-map": "^0.6.1",
				"uglify-js": "^3.1.4"
			}
		},
		"has-flag": {
			"version": "3.0.0",
			"resolved": "https://registry.npmjs.org/has-flag/-/has-flag-3.0.0.tgz",
			"integrity": "sha1-tdRU3CGZriJWmfNGfloH87lVuv0=",
			"dev": true
		},
		"istanbul-lib-coverage": {
			"version": "2.0.3",
			"resolved": "https://registry.npmjs.org/istanbul-lib-coverage/-/istanbul-lib-coverage-2.0.3.tgz",
			"integrity": "sha512-dKWuzRGCs4G+67VfW9pBFFz2Jpi4vSp/k7zBcJ888ofV5Mi1g5CUML5GvMvV6u9Cjybftu+E8Cgp+k0dI1E5lw==",
			"dev": true
		},
		"istanbul-lib-report": {
			"version": "2.0.4",
			"resolved": "https://registry.npmjs.org/istanbul-lib-report/-/istanbul-lib-report-2.0.4.tgz",
			"integrity": "sha512-sOiLZLAWpA0+3b5w5/dq0cjm2rrNdAfHWaGhmn7XEFW6X++IV9Ohn+pnELAl9K3rfpaeBfbmH9JU5sejacdLeA==",
			"dev": true,
			"requires": {
				"istanbul-lib-coverage": "^2.0.3",
				"make-dir": "^1.3.0",
				"supports-color": "^6.0.0"
			}
		},
		"lodash": {
			"version": "4.17.11",
			"resolved": "https://registry.npmjs.org/lodash/-/lodash-4.17.11.tgz",
			"integrity": "sha512-cQKh8igo5QUhZ7lg38DYWAxMvjSAKG0A8wGSVimP07SIUEK2UO+arSRKbRZWtelMtN5V0Hkwh5ryOto/SshYIg=="
		},
		"make-dir": {
			"version": "1.3.0",
			"resolved": "https://registry.npmjs.org/make-dir/-/make-dir-1.3.0.tgz",
			"integrity": "sha512-2w31R7SJtieJJnQtGc7RVL2StM2vGYVfqUOvUDxH6bC6aJTxPxTF0GnIgCyu7tjockiUWAYQRbxa7vKn34s5sQ==",
			"dev": true,
			"requires": {
				"pify": "^3.0.0"
			}
		},
		"minimist": {
			"version": "0.0.10",
			"resolved": "https://registry.npmjs.org/minimist/-/minimist-0.0.10.tgz",
			"integrity": "sha1-3j+YVD2/lggr5IrRoMfNqDYwHc8="
		},
		"optimist": {
			"version": "0.6.1",
			"resolved": "https://registry.npmjs.org/optimist/-/optimist-0.6.1.tgz",
			"integrity": "sha1-2j6nRob6IaGaERwybpDrFaAZZoY=",
			"requires": {
				"minimist": "~0.0.1",
				"wordwrap": "~0.0.2"
			}
		},
		"pify": {
			"version": "3.0.0",
			"resolved": "https://registry.npmjs.org/pify/-/pify-3.0.0.tgz",
			"integrity": "sha1-5aSs0sEB/fPZpNB/DbxNtJ3SgXY=",
			"dev": true
		},
		"source-map": {
			"version": "0.6.1",
			"resolved": "https://registry.npmjs.org/source-map/-/source-map-0.6.1.tgz",
			"integrity": "sha512-UjgapumWlbMhkBgzT7Ykc5YXUT46F0iKu8SGXq0bcwP5dz/h0Plj6enJqjz1Zbq2l5WaqYnrVbwWOWMyF3F47g=="
		},
		"supports-color": {
			"version": "6.1.0",
			"resolved": "https://registry.npmjs.org/supports-color/-/supports-color-6.1.0.tgz",
			"integrity": "sha512-qe1jfm1Mg7Nq/NSh6XE24gPXROEVsWHxC1LIx//XNlD9iw7YZQGjZNjYN7xGaEG6iKdA8EtNFW6R0gjnVXp+wQ==",
			"dev": true,
			"requires": {
				"has-flag": "^3.0.0"
			}
		},
		"uglify-js": {
			"version": "3.4.9",
			"resolved": "https://registry.npmjs.org/uglify-js/-/uglify-js-3.4.9.tgz",
			"integrity": "sha512-8CJsbKOtEbnJsTyv6LE6m6ZKniqMiFWmm9sRbopbkGs3gMPPfd3Fh8iIA4Ykv5MgaTbqHr4BaoGLJLZNhsrW1Q==",
			"optional": true,
			"requires": {
				"commander": "~2.17.1",
				"source-map": "~0.6.1"
			}
		},
		"wordwrap": {
			"version": "0.0.3",
			"resolved": "https://registry.npmjs.org/wordwrap/-/wordwrap-0.0.3.tgz",
			"integrity": "sha1-o9XabNXAvAAI03I0u68b7WMFkQc="
		}
	}
}
